schema: '2.0'
stages:
  check_quality:
    cmd: python3 dvc_run_quality_check.py
    deps:
    - path: check_dataset_quality.py
      hash: md5
      md5: 1554a46adf0e520cb413839852c5ff72
      size: 12012
    - path: dvc_run_quality_check.py
      hash: md5
      md5: c1f9bf23a62054d24bede9d05c9105ed
      size: 1428
    outs:
    - path: data/metrics/quality_check.json
      hash: md5
      md5: ce96ce9f567b575de27ac88dcc96d590
      size: 12281028
  sampling:
    cmd: python3 dvc_sampling.py
    deps:
    - path: data/raw/CSV/MERGED_CSV
      hash: md5
      md5: 324185704674e88bc2973db30da146d4.dir
      size: 9745958744
      nfiles: 67
    - path: dvc_sampling.py
      hash: md5
      md5: 735b9b278ffa87975a798cac8e85b27f
      size: 66598
    outs:
    - path: data/processed/sampled.csv
      hash: md5
      md5: d36ab328ae100b0533bc0d1957d26d0e
      size: 1006075250
  preprocess:
    cmd: python3 dvc_preprocessing.py
    deps:
    - path: configs/preprocessing.yaml
      hash: md5
      md5: f53cc254625a125d037a1252c44d5bf2
      size: 113
    - path: data/processed/sampled.csv
      hash: md5
      md5: d36ab328ae100b0533bc0d1957d26d0e
      size: 1006075250
    - path: dvc_preprocessing.py
      hash: md5
      md5: 67548117ddcf361f8b2a08d9ff974276
      size: 16318
    outs:
    - path: data/processed/X_test.npy
      hash: md5
      md5: 46de34b507d45f6975ffb5de33b012b8
      size: 280919312
    - path: data/processed/X_train.npy
      hash: md5
      md5: c3c333fd839c36aa4fddb5cbf2c5864d
      size: 1123675616
    - path: data/processed/binary/X_test_binary.npy
      hash: md5
      md5: 46de34b507d45f6975ffb5de33b012b8
      size: 280919312
    - path: data/processed/binary/X_train_binary.npy
      hash: md5
      md5: c3c333fd839c36aa4fddb5cbf2c5864d
      size: 1123675616
    - path: data/processed/binary/binary_metadata.json
      hash: md5
      md5: 27ff9d4ca9f645f263d06dfdbb44b6d6
      size: 1000
    - path: data/processed/binary/scaler.pkl
      hash: md5
      md5: 9a840aa98b2ed6def795cab603c4763a
      size: 2191
    - path: data/processed/binary/test_binary.csv
      hash: md5
      md5: 4d6d5a5247c2e2789eff113b7d95495d
      size: 718318507
    - path: data/processed/binary/train_binary.csv
      hash: md5
      md5: 9fe8d500c7b942a7efa39276f3cc07dc
      size: 2873246238
    - path: data/processed/binary/y_test_binary.npy
      hash: md5
      md5: 9f920394577ef9a75d84c9f7aaff99b2
      size: 7203184
    - path: data/processed/binary/y_train_binary.npy
      hash: md5
      md5: 68ef1a89f8bc91f6cb37956d821419ea
      size: 28812320
    - path: data/processed/preprocessing_metadata.json
      hash: md5
      md5: 90dc96c79a9be6eb8d524b67bf33bebc
      size: 57416658
    - path: data/processed/scaler.pkl
      hash: md5
      md5: 9a840aa98b2ed6def795cab603c4763a
      size: 2191
    - path: data/processed/test_normalized.csv
      hash: md5
      md5: f3adfc10d77fc8adde7fbd843a65e524
      size: 731173171
    - path: data/processed/train_normalized.csv
      hash: md5
      md5: 5c78b46d12ab08d2bb1c81d2522860bc
      size: 2924657977
    - path: data/processed/y_test.npy
      hash: md5
      md5: dd8d66d8d3efdd162d5a85e0ccd80d09
      size: 3797387
    - path: data/processed/y_train.npy
      hash: md5
      md5: a170e704f4e53b9c39d59ee2cdf398c7
      size: 15222584
  eda:
    cmd: python3 src/eda/dvc_eda.py
    deps:
    - path: data/processed/sampled.csv
      hash: md5
      md5: d36ab328ae100b0533bc0d1957d26d0e
      size: 1006075250
    - path: src/eda/dvc_eda.py
      hash: md5
      md5: 33a57bbd15c289c3b05d49c661a3a97f
      size: 19396
    outs:
    - path: src/eda/results/
      hash: md5
      md5: e11e70ed9cf9a2f95062c0df28af966f.dir
      size: 6191539
      nfiles: 15
  baseline_experiment:
    cmd: python3 dvc_baseline_experiment.py
    deps:
    - path: data/processed/binary/X_test_binary.npy
      hash: md5
      md5: 46de34b507d45f6975ffb5de33b012b8
      size: 280919312
    - path: data/processed/binary/X_train_binary.npy
      hash: md5
      md5: c3c333fd839c36aa4fddb5cbf2c5864d
      size: 1123675616
    - path: data/processed/binary/binary_metadata.json
      hash: md5
      md5: 27ff9d4ca9f645f263d06dfdbb44b6d6
      size: 1000
    - path: data/processed/binary/y_test_binary.npy
      hash: md5
      md5: 9f920394577ef9a75d84c9f7aaff99b2
      size: 7203184
    - path: data/processed/binary/y_train_binary.npy
      hash: md5
      md5: 68ef1a89f8bc91f6cb37956d821419ea
      size: 28812320
    - path: dvc_baseline_experiment.py
      hash: md5
      md5: 26c8c72a550b923087edd415cd6d3fd9
      size: 10963
    - path: experiments/algorithm_comparison.py
      hash: md5
      md5: a666da6a2dd47c4cd48064e010da8b4a
      size: 38011
    outs:
    - path: experiments/artifacts/
      hash: md5
      md5: 03abbff094abd8c9e649729a2b520775.dir
      size: 1058
      nfiles: 1
    - path: experiments/logs/
      hash: md5
      md5: ee5803a9f8f40c66590dfa30f1a25829.dir
      size: 110970
      nfiles: 2
    - path: experiments/results/
      hash: md5
      md5: c7629d089aa2e1768aa78e837114c554.dir
      size: 677949
      nfiles: 7
  exp_isolation_forest:
    cmd: python3 experiments/run_single_algorithm.py isolation_forest
    deps:
    - path: data/processed/binary/X_test_binary.npy
      hash: md5
      md5: 46de34b507d45f6975ffb5de33b012b8
      size: 280919312
    - path: data/processed/binary/X_train_binary.npy
      hash: md5
      md5: c3c333fd839c36aa4fddb5cbf2c5864d
      size: 1123675616
    - path: data/processed/binary/binary_metadata.json
      hash: md5
      md5: 27ff9d4ca9f645f263d06dfdbb44b6d6
      size: 1000
    - path: data/processed/binary/y_test_binary.npy
      hash: md5
      md5: 9f920394577ef9a75d84c9f7aaff99b2
      size: 7203184
    - path: data/processed/binary/y_train_binary.npy
      hash: md5
      md5: 68ef1a89f8bc91f6cb37956d821419ea
      size: 28812320
    - path: experiments/algorithm_comparison.py
      hash: md5
      md5: 710dfb82f19ebe245dd6805cdc439c3c
      size: 43803
    - path: experiments/run_single_algorithm.py
      hash: md5
      md5: 56b9815c29679c46cfa28a74709f7e41
      size: 8799
      isexec: true
    outs:
    - path: experiments/logs/IsolationForest/
      hash: md5
      md5: 7881bd8f6c1064099a3369438de12d88.dir
      size: 11567
      nfiles: 1
    - path: experiments/results/isolationforest/
      hash: md5
      md5: 11802d242c97d639990b75e91204d307.dir
      size: 1593
      nfiles: 2
  exp_one_class_svm:
    cmd: python3 experiments/run_single_algorithm.py one_class_svm
    deps:
    - path: data/processed/binary/X_test_binary.npy
      hash: md5
      md5: 46de34b507d45f6975ffb5de33b012b8
      size: 280919312
    - path: data/processed/binary/X_train_binary.npy
      hash: md5
      md5: c3c333fd839c36aa4fddb5cbf2c5864d
      size: 1123675616
    - path: data/processed/binary/binary_metadata.json
      hash: md5
      md5: 27ff9d4ca9f645f263d06dfdbb44b6d6
      size: 1000
    - path: data/processed/binary/y_test_binary.npy
      hash: md5
      md5: 9f920394577ef9a75d84c9f7aaff99b2
      size: 7203184
    - path: data/processed/binary/y_train_binary.npy
      hash: md5
      md5: 68ef1a89f8bc91f6cb37956d821419ea
      size: 28812320
    - path: experiments/algorithm_comparison.py
      hash: md5
      md5: 710dfb82f19ebe245dd6805cdc439c3c
      size: 43803
    - path: experiments/run_single_algorithm.py
      hash: md5
      md5: 56b9815c29679c46cfa28a74709f7e41
      size: 8799
      isexec: true
    outs:
    - path: experiments/logs/OneClassSVM/
      hash: md5
      md5: c3fcbd420d6ad2f251152d759b531d9f.dir
      size: 11444
      nfiles: 1
    - path: experiments/results/oneclasssvm/
      hash: md5
      md5: 70663947d5bebf52dafb7b054178d43b.dir
      size: 1548
      nfiles: 2
  exp_local_outlier_factor:
    cmd: python3 experiments/run_single_algorithm.py local_outlier_factor
    deps:
    - path: data/processed/binary/X_test_binary.npy
      hash: md5
      md5: 46de34b507d45f6975ffb5de33b012b8
      size: 280919312
    - path: data/processed/binary/X_train_binary.npy
      hash: md5
      md5: c3c333fd839c36aa4fddb5cbf2c5864d
      size: 1123675616
    - path: data/processed/binary/binary_metadata.json
      hash: md5
      md5: 27ff9d4ca9f645f263d06dfdbb44b6d6
      size: 1000
    - path: data/processed/binary/y_test_binary.npy
      hash: md5
      md5: 9f920394577ef9a75d84c9f7aaff99b2
      size: 7203184
    - path: data/processed/binary/y_train_binary.npy
      hash: md5
      md5: 68ef1a89f8bc91f6cb37956d821419ea
      size: 28812320
    - path: experiments/algorithm_comparison.py
      hash: md5
      md5: 710dfb82f19ebe245dd6805cdc439c3c
      size: 43803
    - path: experiments/run_single_algorithm.py
      hash: md5
      md5: 56b9815c29679c46cfa28a74709f7e41
      size: 8799
      isexec: true
    outs:
    - path: experiments/logs/LocalOutlierFactor/
      hash: md5
      md5: 54ff46018263a29ed7c048d78c0c5c58.dir
      size: 11431
      nfiles: 1
    - path: experiments/results/localoutlierfactor/
      hash: md5
      md5: e9ba51c10ce435bd827589f5d7aa34d9.dir
      size: 1461
      nfiles: 2
  exp_elliptic_envelope:
    cmd: python3 experiments/run_single_algorithm.py elliptic_envelope
    deps:
    - path: data/processed/binary/X_test_binary.npy
      hash: md5
      md5: 46de34b507d45f6975ffb5de33b012b8
      size: 280919312
    - path: data/processed/binary/X_train_binary.npy
      hash: md5
      md5: c3c333fd839c36aa4fddb5cbf2c5864d
      size: 1123675616
    - path: data/processed/binary/binary_metadata.json
      hash: md5
      md5: 27ff9d4ca9f645f263d06dfdbb44b6d6
      size: 1000
    - path: data/processed/binary/y_test_binary.npy
      hash: md5
      md5: 9f920394577ef9a75d84c9f7aaff99b2
      size: 7203184
    - path: data/processed/binary/y_train_binary.npy
      hash: md5
      md5: 68ef1a89f8bc91f6cb37956d821419ea
      size: 28812320
    - path: experiments/algorithm_comparison.py
      hash: md5
      md5: 710dfb82f19ebe245dd6805cdc439c3c
      size: 43803
    - path: experiments/run_single_algorithm.py
      hash: md5
      md5: 56b9815c29679c46cfa28a74709f7e41
      size: 8799
      isexec: true
    outs:
    - path: experiments/logs/EllipticEnvelope/
      hash: md5
      md5: 6aea2ba21fdd658d1298d9c2edd1f577.dir
      size: 11452
      nfiles: 1
    - path: experiments/results/ellipticenvelope/
      hash: md5
      md5: f17a563374756154b89dcafc5a655dc1.dir
      size: 1528
      nfiles: 2
  exp_random_forest:
    cmd: python3 experiments/run_single_algorithm.py random_forest
    deps:
    - path: data/processed/binary/X_test_binary.npy
      hash: md5
      md5: 46de34b507d45f6975ffb5de33b012b8
      size: 280919312
    - path: data/processed/binary/X_train_binary.npy
      hash: md5
      md5: c3c333fd839c36aa4fddb5cbf2c5864d
      size: 1123675616
    - path: data/processed/binary/binary_metadata.json
      hash: md5
      md5: 27ff9d4ca9f645f263d06dfdbb44b6d6
      size: 1000
    - path: data/processed/binary/y_test_binary.npy
      hash: md5
      md5: 9f920394577ef9a75d84c9f7aaff99b2
      size: 7203184
    - path: data/processed/binary/y_train_binary.npy
      hash: md5
      md5: 68ef1a89f8bc91f6cb37956d821419ea
      size: 28812320
    - path: experiments/algorithm_comparison.py
      hash: md5
      md5: 710dfb82f19ebe245dd6805cdc439c3c
      size: 43803
    - path: experiments/run_single_algorithm.py
      hash: md5
      md5: 56b9815c29679c46cfa28a74709f7e41
      size: 8799
      isexec: true
    outs:
    - path: experiments/logs/RandomForestClassifier/
      hash: md5
      md5: 3b2edb5f7781ec398a41efad95597a75.dir
      size: 17531
      nfiles: 1
    - path: experiments/results/randomforestclassifier/
      hash: md5
      md5: 9ccc55d94d14907ef7a96a6672636465.dir
      size: 3000
      nfiles: 2
  exp_logistic_regression:
    cmd: python3 experiments/run_single_algorithm.py logistic_regression
    deps:
    - path: data/processed/binary/X_test_binary.npy
      hash: md5
      md5: 46de34b507d45f6975ffb5de33b012b8
      size: 280919312
    - path: data/processed/binary/X_train_binary.npy
      hash: md5
      md5: c3c333fd839c36aa4fddb5cbf2c5864d
      size: 1123675616
    - path: data/processed/binary/binary_metadata.json
      hash: md5
      md5: 27ff9d4ca9f645f263d06dfdbb44b6d6
      size: 1000
    - path: data/processed/binary/y_test_binary.npy
      hash: md5
      md5: 9f920394577ef9a75d84c9f7aaff99b2
      size: 7203184
    - path: data/processed/binary/y_train_binary.npy
      hash: md5
      md5: 68ef1a89f8bc91f6cb37956d821419ea
      size: 28812320
    - path: experiments/algorithm_comparison.py
      hash: md5
      md5: 710dfb82f19ebe245dd6805cdc439c3c
      size: 43803
    - path: experiments/run_single_algorithm.py
      hash: md5
      md5: 56b9815c29679c46cfa28a74709f7e41
      size: 8799
      isexec: true
    outs:
    - path: experiments/logs/LogisticRegression/
      hash: md5
      md5: aa3ecee78e8ca3bade4cbe3a4eb35ea6.dir
      size: 17430
      nfiles: 1
    - path: experiments/results/logisticregression/
      hash: md5
      md5: d381fd2ce2e52a62c89c237ec21459f8.dir
      size: 2937
      nfiles: 2
  exp_gradient_boosting:
    cmd: python3 experiments/run_single_algorithm.py gradient_boosting
    deps:
    - path: data/processed/binary/X_test_binary.npy
      hash: md5
      md5: 46de34b507d45f6975ffb5de33b012b8
      size: 280919312
    - path: data/processed/binary/X_train_binary.npy
      hash: md5
      md5: c3c333fd839c36aa4fddb5cbf2c5864d
      size: 1123675616
    - path: data/processed/binary/binary_metadata.json
      hash: md5
      md5: 27ff9d4ca9f645f263d06dfdbb44b6d6
      size: 1000
    - path: data/processed/binary/y_test_binary.npy
      hash: md5
      md5: 9f920394577ef9a75d84c9f7aaff99b2
      size: 7203184
    - path: data/processed/binary/y_train_binary.npy
      hash: md5
      md5: 68ef1a89f8bc91f6cb37956d821419ea
      size: 28812320
    - path: experiments/algorithm_comparison.py
      hash: md5
      md5: 710dfb82f19ebe245dd6805cdc439c3c
      size: 43803
    - path: experiments/run_single_algorithm.py
      hash: md5
      md5: 56b9815c29679c46cfa28a74709f7e41
      size: 8799
      isexec: true
    outs:
    - path: experiments/logs/GradientBoostingClassifier/
      hash: md5
      md5: 4eeae192277b0f646f3d8d3b0d76d742.dir
      size: 11436
      nfiles: 1
    - path: experiments/results/gradientboostingclassifier/
      hash: md5
      md5: 8e686834da9f69297841e1b228bdb102.dir
      size: 1700
      nfiles: 2
  consolidate_results:
    cmd: python3 experiments/consolidate_results.py
    deps:
    - path: experiments/consolidate_results.py
      hash: md5
      md5: 14b2edb30445689a183ca5f298869b6d
      size: 10909
      isexec: true
    - path: experiments/results/ellipticenvelope/
      hash: md5
      md5: f17a563374756154b89dcafc5a655dc1.dir
      size: 1528
      nfiles: 2
    - path: experiments/results/gradientboostingclassifier/
      hash: md5
      md5: 8e686834da9f69297841e1b228bdb102.dir
      size: 1700
      nfiles: 2
    - path: experiments/results/isolationforest/
      hash: md5
      md5: 11802d242c97d639990b75e91204d307.dir
      size: 1593
      nfiles: 2
    - path: experiments/results/localoutlierfactor/
      hash: md5
      md5: e9ba51c10ce435bd827589f5d7aa34d9.dir
      size: 1461
      nfiles: 2
    - path: experiments/results/logisticregression/
      hash: md5
      md5: d381fd2ce2e52a62c89c237ec21459f8.dir
      size: 2937
      nfiles: 2
    - path: experiments/results/oneclasssvm/
      hash: md5
      md5: 70663947d5bebf52dafb7b054178d43b.dir
      size: 1548
      nfiles: 2
    - path: experiments/results/randomforestclassifier/
      hash: md5
      md5: 9ccc55d94d14907ef7a96a6672636465.dir
      size: 3000
      nfiles: 2
    outs:
    - path: experiments/final_plots/
      hash: md5
      md5: 1226c6539ecfb8afd85be8ef959f9eb7.dir
      size: 807921
      nfiles: 4
    - path: experiments/final_report/
      hash: md5
      md5: fda3de1344793bd12bcf263b0ea36ef4.dir
      size: 2428
      nfiles: 2
    - path: experiments/final_results/
      hash: md5
      md5: 92848ff39f66da1ac9f06f80e6774d80.dir
      size: 25145
      nfiles: 2
    - path: experiments/final_tables/
      hash: md5
      md5: 0818de3cb25616898040ef3b7808585d.dir
      size: 1663
      nfiles: 2
  exp_test_isolation_forest:
    cmd: DVC_TEST_MODE=true python3 experiments/run_single_algorithm.py 
      isolation_forest
    deps:
    - path: data/processed/binary/X_test_binary.npy
      hash: md5
      md5: 46de34b507d45f6975ffb5de33b012b8
      size: 280919312
    - path: data/processed/binary/X_train_binary.npy
      hash: md5
      md5: c3c333fd839c36aa4fddb5cbf2c5864d
      size: 1123675616
    - path: data/processed/binary/binary_metadata.json
      hash: md5
      md5: 27ff9d4ca9f645f263d06dfdbb44b6d6
      size: 1000
    - path: data/processed/binary/y_test_binary.npy
      hash: md5
      md5: 9f920394577ef9a75d84c9f7aaff99b2
      size: 7203184
    - path: data/processed/binary/y_train_binary.npy
      hash: md5
      md5: 68ef1a89f8bc91f6cb37956d821419ea
      size: 28812320
    - path: experiments/algorithm_comparison.py
      hash: md5
      md5: 7ae40403e74ccef914edbcf24fe08af4
      size: 43813
    - path: experiments/run_single_algorithm.py
      hash: md5
      md5: 21ec5e40d5ecc64841a434e473fe6218
      size: 9853
      isexec: true
    outs:
    - path: experiments/logs_test/IsolationForest/
      hash: md5
      md5: 6aae6e07da4f2c0ae79c5c43b8b8b36f.dir
      size: 11813
      nfiles: 1
    - path: experiments/results_test/isolationforest/
      hash: md5
      md5: 604dbf8516d6aa8f74bca03932f23efb.dir
      size: 1756
      nfiles: 2
  exp_test_one_class_svm:
    cmd: DVC_TEST_MODE=true python3 experiments/run_single_algorithm.py 
      one_class_svm
    deps:
    - path: data/processed/binary/X_test_binary.npy
      hash: md5
      md5: 46de34b507d45f6975ffb5de33b012b8
      size: 280919312
    - path: data/processed/binary/X_train_binary.npy
      hash: md5
      md5: c3c333fd839c36aa4fddb5cbf2c5864d
      size: 1123675616
    - path: data/processed/binary/binary_metadata.json
      hash: md5
      md5: 27ff9d4ca9f645f263d06dfdbb44b6d6
      size: 1000
    - path: data/processed/binary/y_test_binary.npy
      hash: md5
      md5: 9f920394577ef9a75d84c9f7aaff99b2
      size: 7203184
    - path: data/processed/binary/y_train_binary.npy
      hash: md5
      md5: 68ef1a89f8bc91f6cb37956d821419ea
      size: 28812320
    - path: experiments/algorithm_comparison.py
      hash: md5
      md5: 7ae40403e74ccef914edbcf24fe08af4
      size: 43813
    - path: experiments/run_single_algorithm.py
      hash: md5
      md5: 21ec5e40d5ecc64841a434e473fe6218
      size: 9853
      isexec: true
    outs:
    - path: experiments/logs_test/OneClassSVM/
      hash: md5
      md5: 35c82c5a153e94a1f2378316cd930923.dir
      size: 11686
      nfiles: 1
    - path: experiments/results_test/oneclasssvm/
      hash: md5
      md5: ea5f401f81a838669f47da96c5c48dd7.dir
      size: 1709
      nfiles: 2
  exp_test_random_forest:
    cmd: DVC_TEST_MODE=true python3 experiments/run_single_algorithm.py 
      random_forest
    deps:
    - path: data/processed/binary/X_test_binary.npy
      hash: md5
      md5: 46de34b507d45f6975ffb5de33b012b8
      size: 280919312
    - path: data/processed/binary/X_train_binary.npy
      hash: md5
      md5: c3c333fd839c36aa4fddb5cbf2c5864d
      size: 1123675616
    - path: data/processed/binary/binary_metadata.json
      hash: md5
      md5: 27ff9d4ca9f645f263d06dfdbb44b6d6
      size: 1000
    - path: data/processed/binary/y_test_binary.npy
      hash: md5
      md5: 9f920394577ef9a75d84c9f7aaff99b2
      size: 7203184
    - path: data/processed/binary/y_train_binary.npy
      hash: md5
      md5: 68ef1a89f8bc91f6cb37956d821419ea
      size: 28812320
    - path: experiments/algorithm_comparison.py
      hash: md5
      md5: 7ae40403e74ccef914edbcf24fe08af4
      size: 43813
    - path: experiments/run_single_algorithm.py
      hash: md5
      md5: 21ec5e40d5ecc64841a434e473fe6218
      size: 9853
      isexec: true
    outs:
    - path: experiments/logs_test/RandomForestClassifier/
      hash: md5
      md5: dbd0b47b07c2003c4ccab1a677cace00.dir
      size: 17784
      nfiles: 1
    - path: experiments/results_test/randomforestclassifier/
      hash: md5
      md5: a2702e0399592e885401da2964cf23e1.dir
      size: 3216
      nfiles: 2
  exp_test_logistic_regression:
    cmd: DVC_TEST_MODE=true python3 experiments/run_single_algorithm.py 
      logistic_regression
    deps:
    - path: data/processed/binary/X_test_binary.npy
      hash: md5
      md5: 46de34b507d45f6975ffb5de33b012b8
      size: 280919312
    - path: data/processed/binary/X_train_binary.npy
      hash: md5
      md5: c3c333fd839c36aa4fddb5cbf2c5864d
      size: 1123675616
    - path: data/processed/binary/binary_metadata.json
      hash: md5
      md5: 27ff9d4ca9f645f263d06dfdbb44b6d6
      size: 1000
    - path: data/processed/binary/y_test_binary.npy
      hash: md5
      md5: 9f920394577ef9a75d84c9f7aaff99b2
      size: 7203184
    - path: data/processed/binary/y_train_binary.npy
      hash: md5
      md5: 68ef1a89f8bc91f6cb37956d821419ea
      size: 28812320
    - path: experiments/algorithm_comparison.py
      hash: md5
      md5: 7ae40403e74ccef914edbcf24fe08af4
      size: 43813
    - path: experiments/run_single_algorithm.py
      hash: md5
      md5: 21ec5e40d5ecc64841a434e473fe6218
      size: 9853
      isexec: true
    outs:
    - path: experiments/logs_test/LogisticRegression/
      hash: md5
      md5: 0c48ddefd06c1dd9e7c9ac3cc2533d62.dir
      size: 17679
      nfiles: 1
    - path: experiments/results_test/logisticregression/
      hash: md5
      md5: 93efdbc3f0ae7f1e2e11d5cab953ed69.dir
      size: 3154
      nfiles: 2
  exp_test_svc:
    cmd: DVC_TEST_MODE=true python3 experiments/run_single_algorithm.py svc
    deps:
    - path: data/processed/binary/X_test_binary.npy
      hash: md5
      md5: 46de34b507d45f6975ffb5de33b012b8
      size: 280919312
    - path: data/processed/binary/X_train_binary.npy
      hash: md5
      md5: c3c333fd839c36aa4fddb5cbf2c5864d
      size: 1123675616
    - path: data/processed/binary/binary_metadata.json
      hash: md5
      md5: 27ff9d4ca9f645f263d06dfdbb44b6d6
      size: 1000
    - path: data/processed/binary/y_test_binary.npy
      hash: md5
      md5: 9f920394577ef9a75d84c9f7aaff99b2
      size: 7203184
    - path: data/processed/binary/y_train_binary.npy
      hash: md5
      md5: 68ef1a89f8bc91f6cb37956d821419ea
      size: 28812320
    - path: experiments/algorithm_comparison.py
      hash: md5
      md5: 7ae40403e74ccef914edbcf24fe08af4
      size: 43813
    - path: experiments/run_single_algorithm.py
      hash: md5
      md5: 21ec5e40d5ecc64841a434e473fe6218
      size: 9853
      isexec: true
    outs:
    - path: experiments/logs_test/SVC/
      hash: md5
      md5: fc9018bb0909b4355a17649f3ac8258b.dir
      size: 11491
      nfiles: 1
    - path: experiments/results_test/svc/
      hash: md5
      md5: 3165f07785c00b8a11238988f970aca3.dir
      size: 1774
      nfiles: 2
  consolidate_test_results:
    cmd: DVC_TEST_MODE=true python3 experiments/consolidate_results.py
    deps:
    - path: experiments/consolidate_results.py
      hash: md5
      md5: 383b0a1ceaa91abdb1b067cfdf7a5882
      size: 32514
      isexec: true
    - path: experiments/results_test/isolationforest/
      hash: md5
      md5: 604dbf8516d6aa8f74bca03932f23efb.dir
      size: 1756
      nfiles: 2
    - path: experiments/results_test/logisticregression/
      hash: md5
      md5: 93efdbc3f0ae7f1e2e11d5cab953ed69.dir
      size: 3154
      nfiles: 2
    - path: experiments/results_test/oneclasssvm/
      hash: md5
      md5: ea5f401f81a838669f47da96c5c48dd7.dir
      size: 1709
      nfiles: 2
    - path: experiments/results_test/randomforestclassifier/
      hash: md5
      md5: a2702e0399592e885401da2964cf23e1.dir
      size: 3216
      nfiles: 2
    - path: experiments/results_test/svc/
      hash: md5
      md5: 3165f07785c00b8a11238988f970aca3.dir
      size: 1774
      nfiles: 2
    outs:
    - path: experiments/final_plots_test/
      hash: md5
      md5: 02f33a2ee628d43eca2eb486ffe96ae2.dir
      size: 2709193
      nfiles: 10
    - path: experiments/final_report_test/
      hash: md5
      md5: 4587a6802abfcc548c37b3959ff3471d.dir
      size: 4688
      nfiles: 2
    - path: experiments/final_results_test/
      hash: md5
      md5: 609cca9c58604c7c97619899d0d2bce8.dir
      size: 14641
      nfiles: 4
    - path: experiments/final_tables_test/
      hash: md5
      md5: 99c32b51ec678fdaa22d3cb8782f281f.dir
      size: 3606
      nfiles: 4
